
Microsoft Visual Studio Solution File, Format Version 12.00
# Visual Studio Version 17
VisualStudioVersion = 17.8.34309.116
MinimumVisualStudioVersion = 10.0.40219.1
Project("{FAE04EC0-301F-11D3-BF4B-00C04F79EFBC}") = "WILAPI", "WILAPI\WILAPI.csproj", "{3FF8D7E1-135F-41FF-9AE7-33FD6F231856}"
EndProject
Global
	GlobalSection(SolutionConfigurationPlatforms) = preSolution
		Debug|Any CPU = Debug|Any CPU
		Release|Any CPU = Release|Any CPU
	EndGlobalSection
	GlobalSection(ProjectConfigurationPlatforms) = postSolution
		{3FF8D7E1-135F-41FF-9AE7-33FD6F231856}.Debug|Any CPU.ActiveCfg = Debug|Any CPU
		{3FF8D7E1-135F-41FF-9AE7-33FD6F231856}.Debug|Any CPU.Build.0 = Debug|Any CPU
		{3FF8D7E1-135F-41FF-9AE7-33FD6F231856}.Release|Any CPU.ActiveCfg = Release|Any CPU
		{3FF8D7E1-135F-41FF-9AE7-33FD6F231856}.Release|Any CPU.Build.0 = Release|Any CPU
	EndGlobalSection
	GlobalSection(SolutionProperties) = preSolution
		HideSolutionNode = FALSE
	EndGlobalSection
	GlobalSection(ExtensibilityGlobals) = postSolution
		SolutionGuid = {3CB0128A-08F3-4442-ABB7-D94490089C32}
	EndGlobalSection
EndGlobal
